Microsoft Visual Studio Solution File, Format Version 12.00
# Visual Studio Version 17
VisualStudioVersion = 17.5.2.0
MinimumVisualStudioVersion = 10.0.40219.1
Project("{2150E333-8FDC-42A3-9474-1A3956D46DE8}") = "Ch6", "Ch6", "{280F822C-A090-F954-DF76-5B213DD757BA}"
EndProject
Project("{2150E333-8FDC-42A3-9474-1A3956D46DE8}") = "Ch3", "Ch3", "{2AC92364-4706-29BD-E9F5-56929F7A62F0}"
EndProject
Project("{2150E333-8FDC-42A3-9474-1A3956D46DE8}") = "Ch4", "Ch4", "{A2A231AB-4844-CAAE-EF02-CC7925C8423F}"
EndProject
Project("{2150E333-8FDC-42A3-9474-1A3956D46DE8}") = "Ch1_2", "Ch1_2", "{E58FCE4B-674D-7E60-EF4E-AFFF60CC29FB}"
EndProject
Project("{2150E333-8FDC-42A3-9474-1A3956D46DE8}") = "Ch5", "Ch5", "{E7061160-D734-DBD0-78EA-50DD0B842BFA}"
EndProject
Project("{FAE04EC0-301F-11D3-BF4B-00C04F79EFBC}") = "Ex6.2", "Ch6\Ex6.2\Ex6.2.csproj", "{84DFAE41-4689-F5AC-629E-C74D970235CE}"
EndProject
Project("{FAE04EC0-301F-11D3-BF4B-00C04F79EFBC}") = "Ex6.3", "Ch6\Ex6.3\Ex6.3.csproj", "{6A061038-0659-619A-3D99-5CFFCFB95A3A}"
EndProject
Project("{FAE04EC0-301F-11D3-BF4B-00C04F79EFBC}") = "Ex6.1", "Ch6\Ex6.1\Ex6.1.csproj", "{DBAA203D-E4C0-D0AF-C0FD-C35737CBE547}"
EndProject
Project("{FAE04EC0-301F-11D3-BF4B-00C04F79EFBC}") = "Ex3.1", "Ch3\Ex3.1\Ex3.1.csproj", "{C53457B2-DCE1-C495-90D9-830CF3469C95}"
EndProject
Project("{FAE04EC0-301F-11D3-BF4B-00C04F79EFBC}") = "Ex3.2", "Ch3\Ex3.2\Ex3.2.csproj", "{2AB38326-466A-F39E-36A9-41DE04B6F3D2}"
EndProject
Project("{FAE04EC0-301F-11D3-BF4B-00C04F79EFBC}") = "Ex4.1", "Ch4\Ex4.1\Ex4.1.csproj", "{95ED5211-68D7-3626-ADB1-E78887012B21}"
EndProject
Project("{FAE04EC0-301F-11D3-BF4B-00C04F79EFBC}") = "Ex4.2", "Ch4\Ex4.2\Ex4.2.csproj", "{DF6306B7-5729-AD8D-ACDC-5A3E8E55B0D7}"
EndProject
Project("{FAE04EC0-301F-11D3-BF4B-00C04F79EFBC}") = "Ex2.2", "Ch1_2\Ex2.2\Ex2.2.csproj", "{E841EEDD-3868-69FD-AF08-49C03CA61F9C}"
EndProject
Project("{FAE04EC0-301F-11D3-BF4B-00C04F79EFBC}") = "Ex1.1", "Ch1_2\Ex1.1\Ex1.1.csproj", "{F07DA3A4-F65C-6300-A9AE-2141132A0B5A}"
EndProject
Project("{FAE04EC0-301F-11D3-BF4B-00C04F79EFBC}") = "Ex5.2", "Ch5\Ex5.2\Ex5.2.csproj", "{5397332B-133C-9BFE-01DA-C4F2EFD03DAE}"
EndProject
Project("{FAE04EC0-301F-11D3-BF4B-00C04F79EFBC}") = "Ex5.1", "Ch5\Ex5.1\Ex5.1.csproj", "{E8BFF656-3DC2-8035-CEFF-C7934D06AD2A}"
EndProject
Global
	GlobalSection(SolutionConfigurationPlatforms) = preSolution
		Debug|Any CPU = Debug|Any CPU
		Release|Any CPU = Release|Any CPU
	EndGlobalSection
	GlobalSection(ProjectConfigurationPlatforms) = postSolution
		{84DFAE41-4689-F5AC-629E-C74D970235CE}.Debug|Any CPU.ActiveCfg = Debug|Any CPU
		{84DFAE41-4689-F5AC-629E-C74D970235CE}.Debug|Any CPU.Build.0 = Debug|Any CPU
		{84DFAE41-4689-F5AC-629E-C74D970235CE}.Release|Any CPU.ActiveCfg = Release|Any CPU
		{84DFAE41-4689-F5AC-629E-C74D970235CE}.Release|Any CPU.Build.0 = Release|Any CPU
		{6A061038-0659-619A-3D99-5CFFCFB95A3A}.Debug|Any CPU.ActiveCfg = Debug|Any CPU
		{6A061038-0659-619A-3D99-5CFFCFB95A3A}.Debug|Any CPU.Build.0 = Debug|Any CPU
		{6A061038-0659-619A-3D99-5CFFCFB95A3A}.Release|Any CPU.ActiveCfg = Release|Any CPU
		{6A061038-0659-619A-3D99-5CFFCFB95A3A}.Release|Any CPU.Build.0 = Release|Any CPU
		{DBAA203D-E4C0-D0AF-C0FD-C35737CBE547}.Debug|Any CPU.ActiveCfg = Debug|Any CPU
		{DBAA203D-E4C0-D0AF-C0FD-C35737CBE547}.Debug|Any CPU.Build.0 = Debug|Any CPU
		{DBAA203D-E4C0-D0AF-C0FD-C35737CBE547}.Release|Any CPU.ActiveCfg = Release|Any CPU
		{DBAA203D-E4C0-D0AF-C0FD-C35737CBE547}.Release|Any CPU.Build.0 = Release|Any CPU
		{C53457B2-DCE1-C495-90D9-830CF3469C95}.Debug|Any CPU.ActiveCfg = Debug|Any CPU
		{C53457B2-DCE1-C495-90D9-830CF3469C95}.Debug|Any CPU.Build.0 = Debug|Any CPU
		{C53457B2-DCE1-C495-90D9-830CF3469C95}.Release|Any CPU.ActiveCfg = Release|Any CPU
		{C53457B2-DCE1-C495-90D9-830CF3469C95}.Release|Any CPU.Build.0 = Release|Any CPU
		{2AB38326-466A-F39E-36A9-41DE04B6F3D2}.Debug|Any CPU.ActiveCfg = Debug|Any CPU
		{2AB38326-466A-F39E-36A9-41DE04B6F3D2}.Debug|Any CPU.Build.0 = Debug|Any CPU
		{2AB38326-466A-F39E-36A9-41DE04B6F3D2}.Release|Any CPU.ActiveCfg = Release|Any CPU
		{2AB38326-466A-F39E-36A9-41DE04B6F3D2}.Release|Any CPU.Build.0 = Release|Any CPU
		{95ED5211-68D7-3626-ADB1-E78887012B21}.Debug|Any CPU.ActiveCfg = Debug|Any CPU
		{95ED5211-68D7-3626-ADB1-E78887012B21}.Debug|Any CPU.Build.0 = Debug|Any CPU
		{95ED5211-68D7-3626-ADB1-E78887012B21}.Release|Any CPU.ActiveCfg = Release|Any CPU
		{95ED5211-68D7-3626-ADB1-E78887012B21}.Release|Any CPU.Build.0 = Release|Any CPU
		{DF6306B7-5729-AD8D-ACDC-5A3E8E55B0D7}.Debug|Any CPU.ActiveCfg = Debug|Any CPU
		{DF6306B7-5729-AD8D-ACDC-5A3E8E55B0D7}.Debug|Any CPU.Build.0 = Debug|Any CPU
		{DF6306B7-5729-AD8D-ACDC-5A3E8E55B0D7}.Release|Any CPU.ActiveCfg = Release|Any CPU
		{DF6306B7-5729-AD8D-ACDC-5A3E8E55B0D7}.Release|Any CPU.Build.0 = Release|Any CPU
		{E841EEDD-3868-69FD-AF08-49C03CA61F9C}.Debug|Any CPU.ActiveCfg = Debug|Any CPU
		{E841EEDD-3868-69FD-AF08-49C03CA61F9C}.Debug|Any CPU.Build.0 = Debug|Any CPU
		{E841EEDD-3868-69FD-AF08-49C03CA61F9C}.Release|Any CPU.ActiveCfg = Release|Any CPU
		{E841EEDD-3868-69FD-AF08-49C03CA61F9C}.Release|Any CPU.Build.0 = Release|Any CPU
		{F07DA3A4-F65C-6300-A9AE-2141132A0B5A}.Debug|Any CPU.ActiveCfg = Debug|Any CPU
		{F07DA3A4-F65C-6300-A9AE-2141132A0B5A}.Debug|Any CPU.Build.0 = Debug|Any CPU
		{F07DA3A4-F65C-6300-A9AE-2141132A0B5A}.Release|Any CPU.ActiveCfg = Release|Any CPU
		{F07DA3A4-F65C-6300-A9AE-2141132A0B5A}.Release|Any CPU.Build.0 = Release|Any CPU
		{5397332B-133C-9BFE-01DA-C4F2EFD03DAE}.Debug|Any CPU.ActiveCfg = Debug|Any CPU
		{5397332B-133C-9BFE-01DA-C4F2EFD03DAE}.Debug|Any CPU.Build.0 = Debug|Any CPU
		{5397332B-133C-9BFE-01DA-C4F2EFD03DAE}.Release|Any CPU.ActiveCfg = Release|Any CPU
		{5397332B-133C-9BFE-01DA-C4F2EFD03DAE}.Release|Any CPU.Build.0 = Release|Any CPU
		{E8BFF656-3DC2-8035-CEFF-C7934D06AD2A}.Debug|Any CPU.ActiveCfg = Debug|Any CPU
		{E8BFF656-3DC2-8035-CEFF-C7934D06AD2A}.Debug|Any CPU.Build.0 = Debug|Any CPU
		{E8BFF656-3DC2-8035-CEFF-C7934D06AD2A}.Release|Any CPU.ActiveCfg = Release|Any CPU
		{E8BFF656-3DC2-8035-CEFF-C7934D06AD2A}.Release|Any CPU.Build.0 = Release|Any CPU
	EndGlobalSection
	GlobalSection(SolutionProperties) = preSolution
		HideSolutionNode = FALSE
	EndGlobalSection
	GlobalSection(NestedProjects) = preSolution
		{84DFAE41-4689-F5AC-629E-C74D970235CE} = {280F822C-A090-F954-DF76-5B213DD757BA}
		{6A061038-0659-619A-3D99-5CFFCFB95A3A} = {280F822C-A090-F954-DF76-5B213DD757BA}
		{DBAA203D-E4C0-D0AF-C0FD-C35737CBE547} = {280F822C-A090-F954-DF76-5B213DD757BA}
		{C53457B2-DCE1-C495-90D9-830CF3469C95} = {2AC92364-4706-29BD-E9F5-56929F7A62F0}
		{2AB38326-466A-F39E-36A9-41DE04B6F3D2} = {2AC92364-4706-29BD-E9F5-56929F7A62F0}
		{95ED5211-68D7-3626-ADB1-E78887012B21} = {A2A231AB-4844-CAAE-EF02-CC7925C8423F}
		{DF6306B7-5729-AD8D-ACDC-5A3E8E55B0D7} = {A2A231AB-4844-CAAE-EF02-CC7925C8423F}
		{E841EEDD-3868-69FD-AF08-49C03CA61F9C} = {E58FCE4B-674D-7E60-EF4E-AFFF60CC29FB}
		{F07DA3A4-F65C-6300-A9AE-2141132A0B5A} = {E58FCE4B-674D-7E60-EF4E-AFFF60CC29FB}
		{5397332B-133C-9BFE-01DA-C4F2EFD03DAE} = {E7061160-D734-DBD0-78EA-50DD0B842BFA}
		{E8BFF656-3DC2-8035-CEFF-C7934D06AD2A} = {E7061160-D734-DBD0-78EA-50DD0B842BFA}
	EndGlobalSection
	GlobalSection(ExtensibilityGlobals) = postSolution
		SolutionGuid = {72A227D9-2901-4B74-98F8-F325ACC79E93}
	EndGlobalSection
EndGlobal
